
Microsoft Visual Studio Solution File, Format Version 12.00
# Visual Studio 2013
VisualStudioVersion = 12.0.30501.0
MinimumVisualStudioVersion = 10.0.40219.1
Project("{2150E333-8FDC-42A3-9474-1A3956D46DE8}") = "Business", "Business", "{F362D79A-901A-4046-A963-198D81B472BB}"
EndProject
Project("{2150E333-8FDC-42A3-9474-1A3956D46DE8}") = "Client", "Client", "{BDDC3523-CFB4-4405-B3C3-C5C5C2DF38C6}"
EndProject
Project("{2150E333-8FDC-42A3-9474-1A3956D46DE8}") = "Common", "Common", "{D558075A-5207-4179-BED0-CDE4AEBF9D35}"
EndProject
Project("{2150E333-8FDC-42A3-9474-1A3956D46DE8}") = "Core", "Core", "{D3ACB344-AE1B-4ADC-9783-3AF7A6D3E74D}"
EndProject
Project("{2150E333-8FDC-42A3-9474-1A3956D46DE8}") = "Hosting", "Hosting", "{E826A54C-A136-40AF-AB5B-6C5B8694D016}"
EndProject
Project("{2150E333-8FDC-42A3-9474-1A3956D46DE8}") = "Resource Access", "Resource Access", "{4E7D53ED-2B18-43FA-A41C-3A40E257923D}"
EndProject
Project("{2150E333-8FDC-42A3-9474-1A3956D46DE8}") = "Tests", "Tests", "{0E4EFDFA-9692-4F53-B91A-CB82192D964B}"
EndProject
Project("{FAE04EC0-301F-11D3-BF4B-00C04F79EFBC}") = "ROM.Business", "ROM.Business\ROM.Business.csproj", "{B51FAFFE-9F7A-464B-B365-D18FD38CD1E2}"
EndProject
Project("{FAE04EC0-301F-11D3-BF4B-00C04F79EFBC}") = "ROM.Business.Bootstrapper", "ROM.Business.Bootstrapper\ROM.Business.Bootstrapper.csproj", "{B8F3E880-64F8-4600-BB66-D68682F97FCC}"
EndProject
Project("{FAE04EC0-301F-11D3-BF4B-00C04F79EFBC}") = "ROM.Business.Common", "ROM.Business.Common\ROM.Business.Common.csproj", "{F2726925-47D9-4940-ABC7-AD3254D040C8}"
EndProject
Project("{FAE04EC0-301F-11D3-BF4B-00C04F79EFBC}") = "ROM.Business.Contracts", "ROM.Business.Contracts\ROM.Business.Contracts.csproj", "{45E42F6D-8F07-427C-A551-4FB711256FF5}"
EndProject
Project("{FAE04EC0-301F-11D3-BF4B-00C04F79EFBC}") = "ROM.Business.Entities", "ROM.Business.Entities\ROM.Business.Entities.csproj", "{1EA63B84-3273-48B0-A1B2-5CCB502E4B9E}"
EndProject
Project("{FAE04EC0-301F-11D3-BF4B-00C04F79EFBC}") = "ROM.Business.Managers", "ROM.Business.Managers\ROM.Business.Managers.csproj", "{BA9EF65E-ADB3-422A-98E6-C07906CE55CE}"
EndProject
Project("{FAE04EC0-301F-11D3-BF4B-00C04F79EFBC}") = "ROM.Client.Bootstrapper", "ROM.Client.Bootstrapper\ROM.Client.Bootstrapper.csproj", "{AB26FDF7-0459-4A33-8FEB-0A0D00BDF04B}"
EndProject
Project("{FAE04EC0-301F-11D3-BF4B-00C04F79EFBC}") = "ROM.Client.Entities", "ROM.Client.Entities\ROM.Client.Entities.csproj", "{AFBCF913-E80D-4212-8D8A-E0BC776E260F}"
EndProject
Project("{FAE04EC0-301F-11D3-BF4B-00C04F79EFBC}") = "ROM.Client.Contracts", "ROM.Client.Contracts\ROM.Client.Contracts.csproj", "{5084D071-2334-4209-A633-4CD0206F100A}"
EndProject
Project("{FAE04EC0-301F-11D3-BF4B-00C04F79EFBC}") = "ROM.Client.Proxies", "ROM.Client.Proxies\ROM.Client.Proxies.csproj", "{104C1061-090C-4513-B729-6BEAE825F179}"
EndProject
Project("{FAE04EC0-301F-11D3-BF4B-00C04F79EFBC}") = "ROM.Common", "ROM.Common\ROM.Common.csproj", "{EC930F47-CC08-4E85-AB41-FE694D091D48}"
EndProject
Project("{FAE04EC0-301F-11D3-BF4B-00C04F79EFBC}") = "ROM.Common.Contracts", "ROM.Common.Contracts\ROM.Common.Contracts.csproj", "{D51C59AC-07F3-4B05-88B3-C006D9D324D8}"
EndProject
Project("{FAE04EC0-301F-11D3-BF4B-00C04F79EFBC}") = "Core.Common", "Core.Common\Core.Common.csproj", "{6360C7BF-7245-40B2-9B53-5D644AEB7DC2}"
EndProject
Project("{FAE04EC0-301F-11D3-BF4B-00C04F79EFBC}") = "Core.Common.Contracts", "Core.Common.Contracts\Core.Common.Contracts.csproj", "{912842C7-5F4C-430A-AE8A-F09D8BD3A4B5}"
EndProject
Project("{FAE04EC0-301F-11D3-BF4B-00C04F79EFBC}") = "Core.Common.ServiceModel", "Core.Common.ServiceModel\Core.Common.ServiceModel.csproj", "{81030102-0ABA-4A68-A3C0-4B7EE7F89654}"
EndProject
Project("{FAE04EC0-301F-11D3-BF4B-00C04F79EFBC}") = "ROM.Data", "ROM.Data\ROM.Data.csproj", "{B220223D-FBC4-4B49-8872-D6C7E38EB62B}"
EndProject
Project("{FAE04EC0-301F-11D3-BF4B-00C04F79EFBC}") = "ROM.Data.Contracts", "ROM.Data.Contracts\ROM.Data.Contracts.csproj", "{834F525F-A0B7-435C-A1BC-513A881D7299}"
EndProject
Global
	GlobalSection(SolutionConfigurationPlatforms) = preSolution
		Debug|Any CPU = Debug|Any CPU
		Release|Any CPU = Release|Any CPU
	EndGlobalSection
	GlobalSection(ProjectConfigurationPlatforms) = postSolution
		{B51FAFFE-9F7A-464B-B365-D18FD38CD1E2}.Debug|Any CPU.ActiveCfg = Debug|Any CPU
		{B51FAFFE-9F7A-464B-B365-D18FD38CD1E2}.Debug|Any CPU.Build.0 = Debug|Any CPU
		{B51FAFFE-9F7A-464B-B365-D18FD38CD1E2}.Release|Any CPU.ActiveCfg = Release|Any CPU
		{B51FAFFE-9F7A-464B-B365-D18FD38CD1E2}.Release|Any CPU.Build.0 = Release|Any CPU
		{B8F3E880-64F8-4600-BB66-D68682F97FCC}.Debug|Any CPU.ActiveCfg = Debug|Any CPU
		{B8F3E880-64F8-4600-BB66-D68682F97FCC}.Debug|Any CPU.Build.0 = Debug|Any CPU
		{B8F3E880-64F8-4600-BB66-D68682F97FCC}.Release|Any CPU.ActiveCfg = Release|Any CPU
		{B8F3E880-64F8-4600-BB66-D68682F97FCC}.Release|Any CPU.Build.0 = Release|Any CPU
		{F2726925-47D9-4940-ABC7-AD3254D040C8}.Debug|Any CPU.ActiveCfg = Debug|Any CPU
		{F2726925-47D9-4940-ABC7-AD3254D040C8}.Debug|Any CPU.Build.0 = Debug|Any CPU
		{F2726925-47D9-4940-ABC7-AD3254D040C8}.Release|Any CPU.ActiveCfg = Release|Any CPU
		{F2726925-47D9-4940-ABC7-AD3254D040C8}.Release|Any CPU.Build.0 = Release|Any CPU
		{45E42F6D-8F07-427C-A551-4FB711256FF5}.Debug|Any CPU.ActiveCfg = Debug|Any CPU
		{45E42F6D-8F07-427C-A551-4FB711256FF5}.Debug|Any CPU.Build.0 = Debug|Any CPU
		{45E42F6D-8F07-427C-A551-4FB711256FF5}.Release|Any CPU.ActiveCfg = Release|Any CPU
		{45E42F6D-8F07-427C-A551-4FB711256FF5}.Release|Any CPU.Build.0 = Release|Any CPU
		{1EA63B84-3273-48B0-A1B2-5CCB502E4B9E}.Debug|Any CPU.ActiveCfg = Debug|Any CPU
		{1EA63B84-3273-48B0-A1B2-5CCB502E4B9E}.Debug|Any CPU.Build.0 = Debug|Any CPU
		{1EA63B84-3273-48B0-A1B2-5CCB502E4B9E}.Release|Any CPU.ActiveCfg = Release|Any CPU
		{1EA63B84-3273-48B0-A1B2-5CCB502E4B9E}.Release|Any CPU.Build.0 = Release|Any CPU
		{BA9EF65E-ADB3-422A-98E6-C07906CE55CE}.Debug|Any CPU.ActiveCfg = Debug|Any CPU
		{BA9EF65E-ADB3-422A-98E6-C07906CE55CE}.Debug|Any CPU.Build.0 = Debug|Any CPU
		{BA9EF65E-ADB3-422A-98E6-C07906CE55CE}.Release|Any CPU.ActiveCfg = Release|Any CPU
		{BA9EF65E-ADB3-422A-98E6-C07906CE55CE}.Release|Any CPU.Build.0 = Release|Any CPU
		{AB26FDF7-0459-4A33-8FEB-0A0D00BDF04B}.Debug|Any CPU.ActiveCfg = Debug|Any CPU
		{AB26FDF7-0459-4A33-8FEB-0A0D00BDF04B}.Debug|Any CPU.Build.0 = Debug|Any CPU
		{AB26FDF7-0459-4A33-8FEB-0A0D00BDF04B}.Release|Any CPU.ActiveCfg = Release|Any CPU
		{AB26FDF7-0459-4A33-8FEB-0A0D00BDF04B}.Release|Any CPU.Build.0 = Release|Any CPU
		{AFBCF913-E80D-4212-8D8A-E0BC776E260F}.Debug|Any CPU.ActiveCfg = Debug|Any CPU
		{AFBCF913-E80D-4212-8D8A-E0BC776E260F}.Debug|Any CPU.Build.0 = Debug|Any CPU
		{AFBCF913-E80D-4212-8D8A-E0BC776E260F}.Release|Any CPU.ActiveCfg = Release|Any CPU
		{AFBCF913-E80D-4212-8D8A-E0BC776E260F}.Release|Any CPU.Build.0 = Release|Any CPU
		{5084D071-2334-4209-A633-4CD0206F100A}.Debug|Any CPU.ActiveCfg = Debug|Any CPU
		{5084D071-2334-4209-A633-4CD0206F100A}.Debug|Any CPU.Build.0 = Debug|Any CPU
		{5084D071-2334-4209-A633-4CD0206F100A}.Release|Any CPU.ActiveCfg = Release|Any CPU
		{5084D071-2334-4209-A633-4CD0206F100A}.Release|Any CPU.Build.0 = Release|Any CPU
		{104C1061-090C-4513-B729-6BEAE825F179}.Debug|Any CPU.ActiveCfg = Debug|Any CPU
		{104C1061-090C-4513-B729-6BEAE825F179}.Debug|Any CPU.Build.0 = Debug|Any CPU
		{104C1061-090C-4513-B729-6BEAE825F179}.Release|Any CPU.ActiveCfg = Release|Any CPU
		{104C1061-090C-4513-B729-6BEAE825F179}.Release|Any CPU.Build.0 = Release|Any CPU
		{EC930F47-CC08-4E85-AB41-FE694D091D48}.Debug|Any CPU.ActiveCfg = Debug|Any CPU
		{EC930F47-CC08-4E85-AB41-FE694D091D48}.Debug|Any CPU.Build.0 = Debug|Any CPU
		{EC930F47-CC08-4E85-AB41-FE694D091D48}.Release|Any CPU.ActiveCfg = Release|Any CPU
		{EC930F47-CC08-4E85-AB41-FE694D091D48}.Release|Any CPU.Build.0 = Release|Any CPU
		{D51C59AC-07F3-4B05-88B3-C006D9D324D8}.Debug|Any CPU.ActiveCfg = Debug|Any CPU
		{D51C59AC-07F3-4B05-88B3-C006D9D324D8}.Debug|Any CPU.Build.0 = Debug|Any CPU
		{D51C59AC-07F3-4B05-88B3-C006D9D324D8}.Release|Any CPU.ActiveCfg = Release|Any CPU
		{D51C59AC-07F3-4B05-88B3-C006D9D324D8}.Release|Any CPU.Build.0 = Release|Any CPU
		{6360C7BF-7245-40B2-9B53-5D644AEB7DC2}.Debug|Any CPU.ActiveCfg = Debug|Any CPU
		{6360C7BF-7245-40B2-9B53-5D644AEB7DC2}.Debug|Any CPU.Build.0 = Debug|Any CPU
		{6360C7BF-7245-40B2-9B53-5D644AEB7DC2}.Release|Any CPU.ActiveCfg = Release|Any CPU
		{6360C7BF-7245-40B2-9B53-5D644AEB7DC2}.Release|Any CPU.Build.0 = Release|Any CPU
		{912842C7-5F4C-430A-AE8A-F09D8BD3A4B5}.Debug|Any CPU.ActiveCfg = Debug|Any CPU
		{912842C7-5F4C-430A-AE8A-F09D8BD3A4B5}.Debug|Any CPU.Build.0 = Debug|Any CPU
		{912842C7-5F4C-430A-AE8A-F09D8BD3A4B5}.Release|Any CPU.ActiveCfg = Release|Any CPU
		{912842C7-5F4C-430A-AE8A-F09D8BD3A4B5}.Release|Any CPU.Build.0 = Release|Any CPU
		{81030102-0ABA-4A68-A3C0-4B7EE7F89654}.Debug|Any CPU.ActiveCfg = Debug|Any CPU
		{81030102-0ABA-4A68-A3C0-4B7EE7F89654}.Debug|Any CPU.Build.0 = Debug|Any CPU
		{81030102-0ABA-4A68-A3C0-4B7EE7F89654}.Release|Any CPU.ActiveCfg = Release|Any CPU
		{81030102-0ABA-4A68-A3C0-4B7EE7F89654}.Release|Any CPU.Build.0 = Release|Any CPU
		{B220223D-FBC4-4B49-8872-D6C7E38EB62B}.Debug|Any CPU.ActiveCfg = Debug|Any CPU
		{B220223D-FBC4-4B49-8872-D6C7E38EB62B}.Debug|Any CPU.Build.0 = Debug|Any CPU
		{B220223D-FBC4-4B49-8872-D6C7E38EB62B}.Release|Any CPU.ActiveCfg = Release|Any CPU
		{B220223D-FBC4-4B49-8872-D6C7E38EB62B}.Release|Any CPU.Build.0 = Release|Any CPU
		{834F525F-A0B7-435C-A1BC-513A881D7299}.Debug|Any CPU.ActiveCfg = Debug|Any CPU
		{834F525F-A0B7-435C-A1BC-513A881D7299}.Debug|Any CPU.Build.0 = Debug|Any CPU
		{834F525F-A0B7-435C-A1BC-513A881D7299}.Release|Any CPU.ActiveCfg = Release|Any CPU
		{834F525F-A0B7-435C-A1BC-513A881D7299}.Release|Any CPU.Build.0 = Release|Any CPU
	EndGlobalSection
	GlobalSection(SolutionProperties) = preSolution
		HideSolutionNode = FALSE
	EndGlobalSection
	GlobalSection(NestedProjects) = preSolution
		{B51FAFFE-9F7A-464B-B365-D18FD38CD1E2} = {F362D79A-901A-4046-A963-198D81B472BB}
		{B8F3E880-64F8-4600-BB66-D68682F97FCC} = {F362D79A-901A-4046-A963-198D81B472BB}
		{F2726925-47D9-4940-ABC7-AD3254D040C8} = {F362D79A-901A-4046-A963-198D81B472BB}
		{45E42F6D-8F07-427C-A551-4FB711256FF5} = {F362D79A-901A-4046-A963-198D81B472BB}
		{1EA63B84-3273-48B0-A1B2-5CCB502E4B9E} = {F362D79A-901A-4046-A963-198D81B472BB}
		{BA9EF65E-ADB3-422A-98E6-C07906CE55CE} = {F362D79A-901A-4046-A963-198D81B472BB}
		{AB26FDF7-0459-4A33-8FEB-0A0D00BDF04B} = {BDDC3523-CFB4-4405-B3C3-C5C5C2DF38C6}
		{AFBCF913-E80D-4212-8D8A-E0BC776E260F} = {BDDC3523-CFB4-4405-B3C3-C5C5C2DF38C6}
		{5084D071-2334-4209-A633-4CD0206F100A} = {BDDC3523-CFB4-4405-B3C3-C5C5C2DF38C6}
		{104C1061-090C-4513-B729-6BEAE825F179} = {BDDC3523-CFB4-4405-B3C3-C5C5C2DF38C6}
		{EC930F47-CC08-4E85-AB41-FE694D091D48} = {D558075A-5207-4179-BED0-CDE4AEBF9D35}
		{D51C59AC-07F3-4B05-88B3-C006D9D324D8} = {D558075A-5207-4179-BED0-CDE4AEBF9D35}
		{6360C7BF-7245-40B2-9B53-5D644AEB7DC2} = {D3ACB344-AE1B-4ADC-9783-3AF7A6D3E74D}
		{912842C7-5F4C-430A-AE8A-F09D8BD3A4B5} = {D3ACB344-AE1B-4ADC-9783-3AF7A6D3E74D}
		{81030102-0ABA-4A68-A3C0-4B7EE7F89654} = {D3ACB344-AE1B-4ADC-9783-3AF7A6D3E74D}
		{B220223D-FBC4-4B49-8872-D6C7E38EB62B} = {4E7D53ED-2B18-43FA-A41C-3A40E257923D}
		{834F525F-A0B7-435C-A1BC-513A881D7299} = {4E7D53ED-2B18-43FA-A41C-3A40E257923D}
	EndGlobalSection
EndGlobal
